
Microsoft Visual Studio Solution File, Format Version 12.00
# Visual Studio Version 17
VisualStudioVersion = 17.5.002.0
MinimumVisualStudioVersion = 10.0.40219.1
Project("{9A19103F-16F7-4668-BE54-9A1E7A4F7556}") = "WeatherForecastAPI", "WeatherForecastAPI.csproj", "{5469D179-3074-4A33-86D7-3E358FD41197}"
EndProject
Global
	GlobalSection(SolutionConfigurationPlatforms) = preSolution
		Debug|Any CPU = Debug|Any CPU
		Release|Any CPU = Release|Any CPU
	EndGlobalSection
	GlobalSection(ProjectConfigurationPlatforms) = postSolution
		{5469D179-3074-4A33-86D7-3E358FD41197}.Debug|Any CPU.ActiveCfg = Debug|Any CPU
		{5469D179-3074-4A33-86D7-3E358FD41197}.Debug|Any CPU.Build.0 = Debug|Any CPU
		{5469D179-3074-4A33-86D7-3E358FD41197}.Release|Any CPU.ActiveCfg = Release|Any CPU
		{5469D179-3074-4A33-86D7-3E358FD41197}.Release|Any CPU.Build.0 = Release|Any CPU
	EndGlobalSection
	GlobalSection(SolutionProperties) = preSolution
		HideSolutionNode = FALSE
	EndGlobalSection
	GlobalSection(ExtensibilityGlobals) = postSolution
		SolutionGuid = {FEC6DC53-9294-4517-A40A-D1EF6F360A3F}
	EndGlobalSection
EndGlobal
